
Microsoft Visual Studio Solution File, Format Version 12.00
# Visual Studio Version 17
VisualStudioVersion = 17.13.35806.99
MinimumVisualStudioVersion = 10.0.40219.1
Project("{FAE04EC0-301F-11D3-BF4B-00C04F79EFBC}") = "expressionabout", "expressionabout\expressionabout.csproj", "{2197334A-1AD8-4561-A993-E8B7A8D9BD05}"
EndProject
Project("{FAE04EC0-301F-11D3-BF4B-00C04F79EFBC}") = "test-proj", "test-proj\test-proj.csproj", "{29D1E6F6-D6AD-4433-A833-0CA292E2A79C}"
EndProject
Project("{FAE04EC0-301F-11D3-BF4B-00C04F79EFBC}") = "fileformat", "fileformat\fileformat.csproj", "{08405E9E-D522-4710-A206-06D661A0F8EC}"
EndProject
Project("{2150E333-8FDC-42A3-9474-1A3956D46DE8}") = "解决方案项", "解决方案项", "{9FA3D6BD-1EC1-3BA5-80CB-CE02773A58D5}"
	ProjectSection(SolutionItems) = preProject
		common.props = common.props
	EndProjectSection
EndProject
Project("{FAE04EC0-301F-11D3-BF4B-00C04F79EFBC}") = "database-test", "database-test\database-test.csproj", "{BC83C80F-AC5A-4FFC-8F69-9162B97CB2ED}"
EndProject
Project("{FAE04EC0-301F-11D3-BF4B-00C04F79EFBC}") = "form-test", "form-test\form-test.csproj", "{A6B6B665-3563-496B-BF22-7A85E9AD4A96}"
EndProject
Global
	GlobalSection(SolutionConfigurationPlatforms) = preSolution
		Debug|Any CPU = Debug|Any CPU
		Release|Any CPU = Release|Any CPU
	EndGlobalSection
	GlobalSection(ProjectConfigurationPlatforms) = postSolution
		{2197334A-1AD8-4561-A993-E8B7A8D9BD05}.Debug|Any CPU.ActiveCfg = Debug|Any CPU
		{2197334A-1AD8-4561-A993-E8B7A8D9BD05}.Debug|Any CPU.Build.0 = Debug|Any CPU
		{2197334A-1AD8-4561-A993-E8B7A8D9BD05}.Release|Any CPU.ActiveCfg = Release|Any CPU
		{2197334A-1AD8-4561-A993-E8B7A8D9BD05}.Release|Any CPU.Build.0 = Release|Any CPU
		{29D1E6F6-D6AD-4433-A833-0CA292E2A79C}.Debug|Any CPU.ActiveCfg = Debug|Any CPU
		{29D1E6F6-D6AD-4433-A833-0CA292E2A79C}.Debug|Any CPU.Build.0 = Debug|Any CPU
		{29D1E6F6-D6AD-4433-A833-0CA292E2A79C}.Release|Any CPU.ActiveCfg = Release|Any CPU
		{29D1E6F6-D6AD-4433-A833-0CA292E2A79C}.Release|Any CPU.Build.0 = Release|Any CPU
		{08405E9E-D522-4710-A206-06D661A0F8EC}.Debug|Any CPU.ActiveCfg = Debug|Any CPU
		{08405E9E-D522-4710-A206-06D661A0F8EC}.Debug|Any CPU.Build.0 = Debug|Any CPU
		{08405E9E-D522-4710-A206-06D661A0F8EC}.Release|Any CPU.ActiveCfg = Release|Any CPU
		{08405E9E-D522-4710-A206-06D661A0F8EC}.Release|Any CPU.Build.0 = Release|Any CPU
		{BC83C80F-AC5A-4FFC-8F69-9162B97CB2ED}.Debug|Any CPU.ActiveCfg = Debug|Any CPU
		{BC83C80F-AC5A-4FFC-8F69-9162B97CB2ED}.Debug|Any CPU.Build.0 = Debug|Any CPU
		{BC83C80F-AC5A-4FFC-8F69-9162B97CB2ED}.Release|Any CPU.ActiveCfg = Release|Any CPU
		{BC83C80F-AC5A-4FFC-8F69-9162B97CB2ED}.Release|Any CPU.Build.0 = Release|Any CPU
		{A6B6B665-3563-496B-BF22-7A85E9AD4A96}.Debug|Any CPU.ActiveCfg = Debug|Any CPU
		{A6B6B665-3563-496B-BF22-7A85E9AD4A96}.Debug|Any CPU.Build.0 = Debug|Any CPU
		{A6B6B665-3563-496B-BF22-7A85E9AD4A96}.Release|Any CPU.ActiveCfg = Release|Any CPU
		{A6B6B665-3563-496B-BF22-7A85E9AD4A96}.Release|Any CPU.Build.0 = Release|Any CPU
	EndGlobalSection
	GlobalSection(SolutionProperties) = preSolution
		HideSolutionNode = FALSE
	EndGlobalSection
	GlobalSection(ExtensibilityGlobals) = postSolution
		SolutionGuid = {A70B1A0E-96BF-40D7-83A8-29651E018314}
	EndGlobalSection
EndGlobal
